
Microsoft Visual Studio Solution File, Format Version 12.00
# Visual Studio Version 16
VisualStudioVersion = 16.0.0.0
MinimumVisualStudioVersion = 16.0.0.0
Project("{9A19103F-16F7-4668-BE54-9A1E7A4F7556}") = "OffscreenRenderer.Windows", "OffscreenRenderer.Windows\OffscreenRenderer.Windows.csproj", "{F831F57D-454A-4783-AE2F-25D278DC5B28}"
EndProject
Project("{9A19103F-16F7-4668-BE54-9A1E7A4F7556}") = "OffscreenRenderer", "OffscreenRenderer\OffscreenRenderer.csproj", "{2FA79AC9-D290-436E-BBC7-CEC80CD2200B}"
EndProject
Global
	GlobalSection(SolutionConfigurationPlatforms) = preSolution
		Debug|Any CPU = Debug|Any CPU
		Release|Any CPU = Release|Any CPU
	EndGlobalSection
	GlobalSection(ProjectConfigurationPlatforms) = postSolution
		{F831F57D-454A-4783-AE2F-25D278DC5B28}.Debug|Any CPU.ActiveCfg = Debug|Any CPU
		{F831F57D-454A-4783-AE2F-25D278DC5B28}.Debug|Any CPU.Build.0 = Debug|Any CPU
		{F831F57D-454A-4783-AE2F-25D278DC5B28}.Release|Any CPU.ActiveCfg = Release|Any CPU
		{F831F57D-454A-4783-AE2F-25D278DC5B28}.Release|Any CPU.Build.0 = Release|Any CPU
		{2FA79AC9-D290-436E-BBC7-CEC80CD2200B}.Debug|Any CPU.ActiveCfg = Debug|Any CPU
		{2FA79AC9-D290-436E-BBC7-CEC80CD2200B}.Debug|Any CPU.Build.0 = Debug|Any CPU
		{2FA79AC9-D290-436E-BBC7-CEC80CD2200B}.Release|Any CPU.ActiveCfg = Release|Any CPU
		{2FA79AC9-D290-436E-BBC7-CEC80CD2200B}.Release|Any CPU.Build.0 = Release|Any CPU
	EndGlobalSection
	GlobalSection(SolutionProperties) = preSolution
		HideSolutionNode = FALSE
	EndGlobalSection
	GlobalSection(ExtensibilityGlobals) = postSolution
		SolutionGuid = {32C46BAF-7CAC-47DF-BA9F-E5207DE17DCE}
	EndGlobalSection
EndGlobal
